
Microsoft Visual Studio Solution File, Format Version 12.00
# Visual Studio Version 17
VisualStudioVersion = 17.7.34202.233
MinimumVisualStudioVersion = 10.0.40219.1
Project("{FAE04EC0-301F-11D3-BF4B-00C04F79EFBC}") = "Week15-OOP", "Week15-OOP\Week15-OOP.csproj", "{E679144E-6D95-4C55-A71B-73A31F47C342}"
EndProject
Global
	GlobalSection(SolutionConfigurationPlatforms) = preSolution
		Debug|Any CPU = Debug|Any CPU
		Release|Any CPU = Release|Any CPU
	EndGlobalSection
	GlobalSection(ProjectConfigurationPlatforms) = postSolution
		{E679144E-6D95-4C55-A71B-73A31F47C342}.Debug|Any CPU.ActiveCfg = Debug|Any CPU
		{E679144E-6D95-4C55-A71B-73A31F47C342}.Debug|Any CPU.Build.0 = Debug|Any CPU
		{E679144E-6D95-4C55-A71B-73A31F47C342}.Release|Any CPU.ActiveCfg = Release|Any CPU
		{E679144E-6D95-4C55-A71B-73A31F47C342}.Release|Any CPU.Build.0 = Release|Any CPU
	EndGlobalSection
	GlobalSection(SolutionProperties) = preSolution
		HideSolutionNode = FALSE
	EndGlobalSection
	GlobalSection(ExtensibilityGlobals) = postSolution
		SolutionGuid = {6C0CB1B4-6D68-49E0-8A47-AEA0C49B9854}
	EndGlobalSection
EndGlobal
